{
  "name": "boutiqueboarding",
  "version": "1.0.0",
  "lockfileVersion": 3,
  "requires": true,
  "packages": {
    "": {
      "name": "boutiqueboarding",
      "version": "1.0.0",
      "workspaces": [
        "frontend",
        "backend"
      ],
      "devDependencies": {
        "concurrently": "^8.0.0"
      }
    },
    "node_modules/concurrently": {
      "version": "8.0.0",
      "resolved": "https://registry.npmjs.org/concurrently/-/concurrently-8.0.0.tgz", 
      "integrity": "sha512-aBUSNloJw0NOh8kOwlGoBhMLZGT4kJRb+dqjr7Z5HgZelV4QAhmzFE5QFD0AqCPDZkPg7oT5sBBykDXtWKBHEQ==",
      "dev": true,
      "engines": {
        "node": "^14.13.0 || >=16.0.0"
      }
    }
  }
}